{
  "requires": true,
  "lockfileVersion": 1,
  "dependencies": {
    "web-serial-polyfill": {
      "version": "1.0.13",
      "resolved": "https://registry.npmjs.org/web-serial-polyfill/-/web-serial-polyfill-1.0.13.tgz",
      "integrity": "sha512-nOCDv5JLVYpSiHyMwIpF/ahU0mrW4a7cbzOuxs8DdzMM5mB4sGPSDS6l7hjV0Nhc05OO6XpxWBb8efbFNxZ3Sg=="
    }
  }
}
